
Microsoft Visual Studio Solution File, Format Version 12.00
# Visual Studio Version 17
VisualStudioVersion = 17.9.34701.34
MinimumVisualStudioVersion = 10.0.40219.1
Project("{FAE04EC0-301F-11D3-BF4B-00C04F79EFBC}") = "LabaNomer3", "LabaNomer3\LabaNomer3.csproj", "{D9FCC585-4F34-42D5-910C-837477EC799A}"
EndProject
Global
	GlobalSection(SolutionConfigurationPlatforms) = preSolution
		Debug|Any CPU = Debug|Any CPU
		Release|Any CPU = Release|Any CPU
	EndGlobalSection
	GlobalSection(ProjectConfigurationPlatforms) = postSolution
		{D9FCC585-4F34-42D5-910C-837477EC799A}.Debug|Any CPU.ActiveCfg = Debug|Any CPU
		{D9FCC585-4F34-42D5-910C-837477EC799A}.Debug|Any CPU.Build.0 = Debug|Any CPU
		{D9FCC585-4F34-42D5-910C-837477EC799A}.Release|Any CPU.ActiveCfg = Release|Any CPU
		{D9FCC585-4F34-42D5-910C-837477EC799A}.Release|Any CPU.Build.0 = Release|Any CPU
	EndGlobalSection
	GlobalSection(SolutionProperties) = preSolution
		HideSolutionNode = FALSE
	EndGlobalSection
	GlobalSection(ExtensibilityGlobals) = postSolution
		SolutionGuid = {11A583E2-5C48-4BFC-A76D-AA6EDC71E943}
	EndGlobalSection
EndGlobal
